Microsoft Visual Studio Solution File, Format Version 12.00
# Visual Studio Version 17
VisualStudioVersion = 17.9.34607.119
MinimumVisualStudioVersion = 16.0.0.0
Project("{9A19103F-16F7-4668-BE54-9A1E7A4F7556}") = "Fhirlabs.Ehr.Client", "FhirLabs.Ehr.Client\Fhirlabs.Ehr.Client.csproj", "{18BC9D3D-5C40-42DA-8891-308914FD6CE9}"
EndProject
Project("{9A19103F-16F7-4668-BE54-9A1E7A4F7556}") = "Fhirlabs.Ehr", "FhirLabs.Ehr\Fhirlabs.Ehr.csproj", "{A3571B9E-2704-4419-8D72-D91C0A6C2B4E}"
EndProject
Project("{9A19103F-16F7-4668-BE54-9A1E7A4F7556}") = "Fhirlabs.Ehr.Rcl", "Fhirlabs.Ehr.Shared\Fhirlabs.Ehr.Rcl.csproj", "{22F60893-59B6-4177-A795-A58870566648}"
EndProject
Global
	GlobalSection(SolutionConfigurationPlatforms) = preSolution
		Debug|Any CPU = Debug|Any CPU
		Release|Any CPU = Release|Any CPU
	EndGlobalSection
	GlobalSection(ProjectConfigurationPlatforms) = postSolution
		{18BC9D3D-5C40-42DA-8891-308914FD6CE9}.Debug|Any CPU.ActiveCfg = Debug|Any CPU
		{18BC9D3D-5C40-42DA-8891-308914FD6CE9}.Debug|Any CPU.Build.0 = Debug|Any CPU
		{18BC9D3D-5C40-42DA-8891-308914FD6CE9}.Release|Any CPU.ActiveCfg = Release|Any CPU
		{18BC9D3D-5C40-42DA-8891-308914FD6CE9}.Release|Any CPU.Build.0 = Release|Any CPU
		{A3571B9E-2704-4419-8D72-D91C0A6C2B4E}.Debug|Any CPU.ActiveCfg = Debug|Any CPU
		{A3571B9E-2704-4419-8D72-D91C0A6C2B4E}.Debug|Any CPU.Build.0 = Debug|Any CPU
		{A3571B9E-2704-4419-8D72-D91C0A6C2B4E}.Release|Any CPU.ActiveCfg = Release|Any CPU
		{A3571B9E-2704-4419-8D72-D91C0A6C2B4E}.Release|Any CPU.Build.0 = Release|Any CPU
		{22F60893-59B6-4177-A795-A58870566648}.Debug|Any CPU.ActiveCfg = Debug|Any CPU
		{22F60893-59B6-4177-A795-A58870566648}.Debug|Any CPU.Build.0 = Debug|Any CPU
		{22F60893-59B6-4177-A795-A58870566648}.Release|Any CPU.ActiveCfg = Release|Any CPU
		{22F60893-59B6-4177-A795-A58870566648}.Release|Any CPU.Build.0 = Release|Any CPU
	EndGlobalSection
	GlobalSection(SolutionProperties) = preSolution
		HideSolutionNode = FALSE
	EndGlobalSection
	GlobalSection(ExtensibilityGlobals) = postSolution
		SolutionGuid = {CCEAFEE6-821F-4C8B-9131-B1C85BC2A7D1}
	EndGlobalSection
EndGlobal
